
Microsoft Visual Studio Solution File, Format Version 12.00
# Visual Studio Version 17
VisualStudioVersion = 17.6.33829.357
MinimumVisualStudioVersion = 10.0.40219.1
Project("{2150E333-8FDC-42A3-9474-1A3956D46DE8}") = "Api", "Api", "{81927451-0D1E-4E2E-B62B-9670F45E1281}"
EndProject
Project("{FAE04EC0-301F-11D3-BF4B-00C04F79EFBC}") = "BookStore_API", "BookStore_API\BookStore_API.csproj", "{0F863F78-120B-47AC-8F1E-9CBC6CC50D89}"
EndProject
Global
	GlobalSection(SolutionConfigurationPlatforms) = preSolution
		Debug|Any CPU = Debug|Any CPU
		Release|Any CPU = Release|Any CPU
	EndGlobalSection
	GlobalSection(ProjectConfigurationPlatforms) = postSolution
		{0F863F78-120B-47AC-8F1E-9CBC6CC50D89}.Debug|Any CPU.ActiveCfg = Debug|Any CPU
		{0F863F78-120B-47AC-8F1E-9CBC6CC50D89}.Debug|Any CPU.Build.0 = Debug|Any CPU
		{0F863F78-120B-47AC-8F1E-9CBC6CC50D89}.Release|Any CPU.ActiveCfg = Release|Any CPU
		{0F863F78-120B-47AC-8F1E-9CBC6CC50D89}.Release|Any CPU.Build.0 = Release|Any CPU
	EndGlobalSection
	GlobalSection(SolutionProperties) = preSolution
		HideSolutionNode = FALSE
	EndGlobalSection
	GlobalSection(NestedProjects) = preSolution
		{0F863F78-120B-47AC-8F1E-9CBC6CC50D89} = {81927451-0D1E-4E2E-B62B-9670F45E1281}
	EndGlobalSection
	GlobalSection(ExtensibilityGlobals) = postSolution
		SolutionGuid = {5E897771-5879-411C-B7D7-B83E22CFE362}
	EndGlobalSection
EndGlobal
